// !$*UTF8*$!
{
	archiveVersion = 1;
	classes = {
	};
	objectVersion = 50;
	objects = {

/* Begin PBXBuildFile section */
		EA490684213996D1009685E8 /* API.swift in Sources */ = {isa = PBXBuildFile; fileRef = EA490683213996D1009685E8 /* API.swift */; };
		EA49068621399897009685E8 /* Constants.swift in Sources */ = {isa = PBXBuildFile; fileRef = EA49068521399897009685E8 /* Constants.swift */; };
		EA49068821399A9E009685E8 /* APIMethod.swift in Sources */ = {isa = PBXBuildFile; fileRef = EA49068721399A9E009685E8 /* APIMethod.swift */; };
		EA49068A21399D58009685E8 /* TinkoffAPIMethod.swift in Sources */ = {isa = PBXBuildFile; fileRef = EA49068921399D58009685E8 /* TinkoffAPIMethod.swift */; };
		EA49068C2139A3E5009685E8 /* StringError.swift in Sources */ = {isa = PBXBuildFile; fileRef = EA49068B2139A3E5009685E8 /* StringError.swift */; };
		EA4906902139A497009685E8 /* JsonParser.swift in Sources */ = {isa = PBXBuildFile; fileRef = EA49068F2139A497009685E8 /* JsonParser.swift */; };
		EA4906932139A6DD009685E8 /* PartnersService.swift in Sources */ = {isa = PBXBuildFile; fileRef = EA4906922139A6DD009685E8 /* PartnersService.swift */; };
		EA4906962139AA62009685E8 /* Partner.swift in Sources */ = {isa = PBXBuildFile; fileRef = EA4906952139AA62009685E8 /* Partner.swift */; };
		EA4906982139ADE2009685E8 /* Service.swift in Sources */ = {isa = PBXBuildFile; fileRef = EA4906972139ADE2009685E8 /* Service.swift */; };
		EA49069A2139B0C5009685E8 /* Point.swift in Sources */ = {isa = PBXBuildFile; fileRef = EA4906992139B0C5009685E8 /* Point.swift */; };
		EA49069C2139B167009685E8 /* PointService.swift in Sources */ = {isa = PBXBuildFile; fileRef = EA49069B2139B167009685E8 /* PointService.swift */; };
		EAC6AD64213AA410000804B3 /* DataStorage.swift in Sources */ = {isa = PBXBuildFile; fileRef = EAC6AD63213AA410000804B3 /* DataStorage.swift */; };
		EAC6AD69213AF759000804B3 /* PartnerInteractor.swift in Sources */ = {isa = PBXBuildFile; fileRef = EAC6AD68213AF759000804B3 /* PartnerInteractor.swift */; };
		EAC6AD6B213B0514000804B3 /* PointInteractor.swift in Sources */ = {isa = PBXBuildFile; fileRef = EAC6AD6A213B0514000804B3 /* PointInteractor.swift */; };
		EAF282652139600D00951C9A /* AppDelegate.swift in Sources */ = {isa = PBXBuildFile; fileRef = EAF282642139600D00951C9A /* AppDelegate.swift */; };
		EAF282672139600D00951C9A /* ViewController.swift in Sources */ = {isa = PBXBuildFile; fileRef = EAF282662139600D00951C9A /* ViewController.swift */; };
		EAF2826A2139600D00951C9A /* Main.storyboard in Resources */ = {isa = PBXBuildFile; fileRef = EAF282682139600D00951C9A /* Main.storyboard */; };
		EAF2826D2139600D00951C9A /* TestTinkoff.xcdatamodeld in Sources */ = {isa = PBXBuildFile; fileRef = EAF2826B2139600D00951C9A /* TestTinkoff.xcdatamodeld */; };
		EAF2826F2139600F00951C9A /* Assets.xcassets in Resources */ = {isa = PBXBuildFile; fileRef = EAF2826E2139600F00951C9A /* Assets.xcassets */; };
		EAF282722139600F00951C9A /* LaunchScreen.storyboard in Resources */ = {isa = PBXBuildFile; fileRef = EAF282702139600F00951C9A /* LaunchScreen.storyboard */; };
		EAF2827B213960F700951C9A /* GetRequest.swift in Sources */ = {isa = PBXBuildFile; fileRef = EAF2827A213960F700951C9A /* GetRequest.swift */; };
		EAF2827D213966BB00951C9A /* Request.swift in Sources */ = {isa = PBXBuildFile; fileRef = EAF2827C213966BB00951C9A /* Request.swift */; };
		EAF2828021396B0900951C9A /* Dictionary+QueryString.swift in Sources */ = {isa = PBXBuildFile; fileRef = EAF2827F21396B0900951C9A /* Dictionary+QueryString.swift */; };
/* End PBXBuildFile section */

/* Begin PBXFileReference section */
		EA490683213996D1009685E8 /* API.swift */ = {isa = PBXFileReference; lastKnownFileType = sourcecode.swift; path = API.swift; sourceTree = "<group>"; };
		EA49068521399897009685E8 /* Constants.swift */ = {isa = PBXFileReference; lastKnownFileType = sourcecode.swift; path = Constants.swift; sourceTree = "<group>"; };
		EA49068721399A9E009685E8 /* APIMethod.swift */ = {isa = PBXFileReference; lastKnownFileType = sourcecode.swift; path = APIMethod.swift; sourceTree = "<group>"; };
		EA49068921399D58009685E8 /* TinkoffAPIMethod.swift */ = {isa = PBXFileReference; lastKnownFileType = sourcecode.swift; path = TinkoffAPIMethod.swift; sourceTree = "<group>"; };
		EA49068B2139A3E5009685E8 /* StringError.swift */ = {isa = PBXFileReference; lastKnownFileType = sourcecode.swift; path = StringError.swift; sourceTree = "<group>"; };
		EA49068F2139A497009685E8 /* JsonParser.swift */ = {isa = PBXFileReference; lastKnownFileType = sourcecode.swift; path = JsonParser.swift; sourceTree = "<group>"; };
		EA4906922139A6DD009685E8 /* PartnersService.swift */ = {isa = PBXFileReference; lastKnownFileType = sourcecode.swift; path = PartnersService.swift; sourceTree = "<group>"; };
		EA4906952139AA62009685E8 /* Partner.swift */ = {isa = PBXFileReference; lastKnownFileType = sourcecode.swift; path = Partner.swift; sourceTree = "<group>"; };
		EA4906972139ADE2009685E8 /* Service.swift */ = {isa = PBXFileReference; lastKnownFileType = sourcecode.swift; path = Service.swift; sourceTree = "<group>"; };
		EA4906992139B0C5009685E8 /* Point.swift */ = {isa = PBXFileReference; lastKnownFileType = sourcecode.swift; path = Point.swift; sourceTree = "<group>"; };
		EA49069B2139B167009685E8 /* PointService.swift */ = {isa = PBXFileReference; lastKnownFileType = sourcecode.swift; path = PointService.swift; sourceTree = "<group>"; };
		EAC6AD63213AA410000804B3 /* DataStorage.swift */ = {isa = PBXFileReference; lastKnownFileType = sourcecode.swift; path = DataStorage.swift; sourceTree = "<group>"; };
		EAC6AD68213AF759000804B3 /* PartnerInteractor.swift */ = {isa = PBXFileReference; lastKnownFileType = sourcecode.swift; path = PartnerInteractor.swift; sourceTree = "<group>"; };
		EAC6AD6A213B0514000804B3 /* PointInteractor.swift */ = {isa = PBXFileReference; lastKnownFileType = sourcecode.swift; path = PointInteractor.swift; sourceTree = "<group>"; };
		EAF282612139600D00951C9A /* TestTinkoff.app */ = {isa = PBXFileReference; explicitFileType = wrapper.application; includeInIndex = 0; path = TestTinkoff.app; sourceTree = BUILT_PRODUCTS_DIR; };
		EAF282642139600D00951C9A /* AppDelegate.swift */ = {isa = PBXFileReference; lastKnownFileType = sourcecode.swift; path = AppDelegate.swift; sourceTree = "<group>"; };
		EAF282662139600D00951C9A /* ViewController.swift */ = {isa = PBXFileReference; lastKnownFileType = sourcecode.swift; path = ViewController.swift; sourceTree = "<group>"; };
		EAF282692139600D00951C9A /* Base */ = {isa = PBXFileReference; lastKnownFileType = file.storyboard; name = Base; path = Base.lproj/Main.storyboard; sourceTree = "<group>"; };
		EAF2826C2139600D00951C9A /* TestTinkoff.xcdatamodel */ = {isa = PBXFileReference; lastKnownFileType = wrapper.xcdatamodel; path = TestTinkoff.xcdatamodel; sourceTree = "<group>"; };
		EAF2826E2139600F00951C9A /* Assets.xcassets */ = {isa = PBXFileReference; lastKnownFileType = folder.assetcatalog; path = Assets.xcassets; sourceTree = "<group>"; };
		EAF282712139600F00951C9A /* Base */ = {isa = PBXFileReference; lastKnownFileType = file.storyboard; name = Base; path = Base.lproj/LaunchScreen.storyboard; sourceTree = "<group>"; };
		EAF282732139600F00951C9A /* Info.plist */ = {isa = PBXFileReference; lastKnownFileType = text.plist.xml; path = Info.plist; sourceTree = "<group>"; };
		EAF2827A213960F700951C9A /* GetRequest.swift */ = {isa = PBXFileReference; lastKnownFileType = sourcecode.swift; path = GetRequest.swift; sourceTree = "<group>"; };
		EAF2827C213966BB00951C9A /* Request.swift */ = {isa = PBXFileReference; lastKnownFileType = sourcecode.swift; path = Request.swift; sourceTree = "<group>"; };
		EAF2827F21396B0900951C9A /* Dictionary+QueryString.swift */ = {isa = PBXFileReference; lastKnownFileType = sourcecode.swift; path = "Dictionary+QueryString.swift"; sourceTree = "<group>"; };
/* End PBXFileReference section */

/* Begin PBXFrameworksBuildPhase section */
		EAF2825E2139600D00951C9A /* Frameworks */ = {
			isa = PBXFrameworksBuildPhase;
			buildActionMask = 2147483647;
			files = (
			);
			runOnlyForDeploymentPostprocessing = 0;
		};
/* End PBXFrameworksBuildPhase section */

/* Begin PBXGroup section */
		EA49068E2139A484009685E8 /* Utils */ = {
			isa = PBXGroup;
			children = (
				EA49068F2139A497009685E8 /* JsonParser.swift */,
			);
			path = Utils;
			sourceTree = "<group>";
		};
		EA4906912139A6A4009685E8 /* Service */ = {
			isa = PBXGroup;
			children = (
				EA4906972139ADE2009685E8 /* Service.swift */,
				EA4906922139A6DD009685E8 /* PartnersService.swift */,
				EA49069B2139B167009685E8 /* PointService.swift */,
			);
			path = Service;
			sourceTree = "<group>";
		};
		EA4906942139A6EF009685E8 /* Model */ = {
			isa = PBXGroup;
			children = (
				EA4906952139AA62009685E8 /* Partner.swift */,
				EA4906992139B0C5009685E8 /* Point.swift */,
				EA49068B2139A3E5009685E8 /* StringError.swift */,
			);
			path = Model;
			sourceTree = "<group>";
		};
		EAC6AD60213AA389000804B3 /* API */ = {
			isa = PBXGroup;
			children = (
				EA49068721399A9E009685E8 /* APIMethod.swift */,
				EA49068921399D58009685E8 /* TinkoffAPIMethod.swift */,
				EA490683213996D1009685E8 /* API.swift */,
			);
			path = API;
			sourceTree = "<group>";
		};
		EAC6AD61213AA3A2000804B3 /* Request */ = {
			isa = PBXGroup;
			children = (
				EAF2827C213966BB00951C9A /* Request.swift */,
				EAF2827A213960F700951C9A /* GetRequest.swift */,
			);
			path = Request;
			sourceTree = "<group>";
		};
		EAC6AD62213AA3F4000804B3 /* Storage */ = {
			isa = PBXGroup;
			children = (
				EAC6AD63213AA410000804B3 /* DataStorage.swift */,
			);
			path = Storage;
			sourceTree = "<group>";
		};
		EAC6AD67213AF740000804B3 /* Interactor */ = {
			isa = PBXGroup;
			children = (
				EAC6AD68213AF759000804B3 /* PartnerInteractor.swift */,
				EAC6AD6A213B0514000804B3 /* PointInteractor.swift */,
			);
			path = Interactor;
			sourceTree = "<group>";
		};
		EAF282582139600C00951C9A = {
			isa = PBXGroup;
			children = (
				EAF282632139600D00951C9A /* TestTinkoff */,
				EAF282622139600D00951C9A /* Products */,
			);
			sourceTree = "<group>";
		};
		EAF282622139600D00951C9A /* Products */ = {
			isa = PBXGroup;
			children = (
				EAF282612139600D00951C9A /* TestTinkoff.app */,
			);
			name = Products;
			sourceTree = "<group>";
		};
		EAF282632139600D00951C9A /* TestTinkoff */ = {
			isa = PBXGroup;
			children = (
				EAF2827E21396AE300951C9A /* Extensions */,
				EAF28279213960D500951C9A /* Network */,
				EA4906912139A6A4009685E8 /* Service */,
				EAC6AD62213AA3F4000804B3 /* Storage */,
				EAC6AD67213AF740000804B3 /* Interactor */,
				EA4906942139A6EF009685E8 /* Model */,
				EA49068E2139A484009685E8 /* Utils */,
				EAF282642139600D00951C9A /* AppDelegate.swift */,
				EAF282662139600D00951C9A /* ViewController.swift */,
				EA49068521399897009685E8 /* Constants.swift */,
				EAF282682139600D00951C9A /* Main.storyboard */,
				EAF2826E2139600F00951C9A /* Assets.xcassets */,
				EAF282702139600F00951C9A /* LaunchScreen.storyboard */,
				EAF282732139600F00951C9A /* Info.plist */,
				EAF2826B2139600D00951C9A /* TestTinkoff.xcdatamodeld */,
			);
			path = TestTinkoff;
			sourceTree = "<group>";
		};
		EAF28279213960D500951C9A /* Network */ = {
			isa = PBXGroup;
			children = (
				EAC6AD61213AA3A2000804B3 /* Request */,
				EAC6AD60213AA389000804B3 /* API */,
			);
			path = Network;
			sourceTree = "<group>";
		};
		EAF2827E21396AE300951C9A /* Extensions */ = {
			isa = PBXGroup;
			children = (
				EAF2827F21396B0900951C9A /* Dictionary+QueryString.swift */,
			);
			path = Extensions;
			sourceTree = "<group>";
		};
/* End PBXGroup section */

/* Begin PBXNativeTarget section */
		EAF282602139600D00951C9A /* TestTinkoff */ = {
			isa = PBXNativeTarget;
			buildConfigurationList = EAF282762139600F00951C9A /* Build configuration list for PBXNativeTarget "TestTinkoff" */;
			buildPhases = (
				EAF2825D2139600D00951C9A /* Sources */,
				EAF2825E2139600D00951C9A /* Frameworks */,
				EAF2825F2139600D00951C9A /* Resources */,
			);
			buildRules = (
			);
			dependencies = (
			);
			name = TestTinkoff;
			productName = TestTinkoff;
			productReference = EAF282612139600D00951C9A /* TestTinkoff.app */;
			productType = "com.apple.product-type.application";
		};
/* End PBXNativeTarget section */

/* Begin PBXProject section */
		EAF282592139600C00951C9A /* Project object */ = {
			isa = PBXProject;
			attributes = {
				LastSwiftUpdateCheck = 0940;
				LastUpgradeCheck = 0940;
				ORGANIZATIONNAME = "Roman Sentsov";
				TargetAttributes = {
					EAF282602139600D00951C9A = {
						CreatedOnToolsVersion = 9.4.1;
					};
				};
			};
			buildConfigurationList = EAF2825C2139600C00951C9A /* Build configuration list for PBXProject "TestTinkoff" */;
			compatibilityVersion = "Xcode 9.3";
			developmentRegion = en;
			hasScannedForEncodings = 0;
			knownRegions = (
				en,
				Base,
			);
			mainGroup = EAF282582139600C00951C9A;
			productRefGroup = EAF282622139600D00951C9A /* Products */;
			projectDirPath = "";
			projectRoot = "";
			targets = (
				EAF282602139600D00951C9A /* TestTinkoff */,
			);
		};
/* End PBXProject section */

/* Begin PBXResourcesBuildPhase section */
		EAF2825F2139600D00951C9A /* Resources */ = {
			isa = PBXResourcesBuildPhase;
			buildActionMask = 2147483647;
			files = (
				EAF282722139600F00951C9A /* LaunchScreen.storyboard in Resources */,
				EAF2826F2139600F00951C9A /* Assets.xcassets in Resources */,
				EAF2826A2139600D00951C9A /* Main.storyboard in Resources */,
			);
			runOnlyForDeploymentPostprocessing = 0;
		};
/* End PBXResourcesBuildPhase section */

/* Begin PBXSourcesBuildPhase section */
		EAF2825D2139600D00951C9A /* Sources */ = {
			isa = PBXSourcesBuildPhase;
			buildActionMask = 2147483647;
			files = (
				EA49069C2139B167009685E8 /* PointService.swift in Sources */,
				EA49069A2139B0C5009685E8 /* Point.swift in Sources */,
				EAF282672139600D00951C9A /* ViewController.swift in Sources */,
				EAC6AD64213AA410000804B3 /* DataStorage.swift in Sources */,
				EAF2828021396B0900951C9A /* Dictionary+QueryString.swift in Sources */,
				EAC6AD69213AF759000804B3 /* PartnerInteractor.swift in Sources */,
				EA4906902139A497009685E8 /* JsonParser.swift in Sources */,
				EAF2826D2139600D00951C9A /* TestTinkoff.xcdatamodeld in Sources */,
				EA4906962139AA62009685E8 /* Partner.swift in Sources */,
				EA49068C2139A3E5009685E8 /* StringError.swift in Sources */,
				EA49068A21399D58009685E8 /* TinkoffAPIMethod.swift in Sources */,
				EAF2827D213966BB00951C9A /* Request.swift in Sources */,
				EAF282652139600D00951C9A /* AppDelegate.swift in Sources */,
				EAC6AD6B213B0514000804B3 /* PointInteractor.swift in Sources */,
				EA490684213996D1009685E8 /* API.swift in Sources */,
				EAF2827B213960F700951C9A /* GetRequest.swift in Sources */,
				EA49068621399897009685E8 /* Constants.swift in Sources */,
				EA4906982139ADE2009685E8 /* Service.swift in Sources */,
				EA4906932139A6DD009685E8 /* PartnersService.swift in Sources */,
				EA49068821399A9E009685E8 /* APIMethod.swift in Sources */,
			);
			runOnlyForDeploymentPostprocessing = 0;
		};
/* End PBXSourcesBuildPhase section */

/* Begin PBXVariantGroup section */
		EAF282682139600D00951C9A /* Main.storyboard */ = {
			isa = PBXVariantGroup;
			children = (
				EAF282692139600D00951C9A /* Base */,
			);
			name = Main.storyboard;
			sourceTree = "<group>";
		};
		EAF282702139600F00951C9A /* LaunchScreen.storyboard */ = {
			isa = PBXVariantGroup;
			children = (
				EAF282712139600F00951C9A /* Base */,
			);
			name = LaunchScreen.storyboard;
			sourceTree = "<group>";
		};
/* End PBXVariantGroup section */

/* Begin XCBuildConfiguration section */
		EAF282742139600F00951C9A /* Debug */ = {
			isa = XCBuildConfiguration;
			buildSettings = {
				ALWAYS_SEARCH_USER_PATHS = NO;
				CLANG_ANALYZER_NONNULL = YES;
				CLANG_ANALYZER_NUMBER_OBJECT_CONVERSION = YES_AGGRESSIVE;
				CLANG_CXX_LANGUAGE_STANDARD = "gnu++14";
				CLANG_CXX_LIBRARY = "libc++";
				CLANG_ENABLE_MODULES = YES;
				CLANG_ENABLE_OBJC_ARC = YES;
				CLANG_ENABLE_OBJC_WEAK = YES;
				CLANG_WARN_BLOCK_CAPTURE_AUTORELEASING = YES;
				CLANG_WARN_BOOL_CONVERSION = YES;
				CLANG_WARN_COMMA = YES;
				CLANG_WARN_CONSTANT_CONVERSION = YES;
				CLANG_WARN_DEPRECATED_OBJC_IMPLEMENTATIONS = YES;
				CLANG_WARN_DIRECT_OBJC_ISA_USAGE = YES_ERROR;
				CLANG_WARN_DOCUMENTATION_COMMENTS = YES;
				CLANG_WARN_EMPTY_BODY = YES;
				CLANG_WARN_ENUM_CONVERSION = YES;
				CLANG_WARN_INFINITE_RECURSION = YES;
				CLANG_WARN_INT_CONVERSION = YES;
				CLANG_WARN_NON_LITERAL_NULL_CONVERSION = YES;
				CLANG_WARN_OBJC_IMPLICIT_RETAIN_SELF = YES;
				CLANG_WARN_OBJC_LITERAL_CONVERSION = YES;
				CLANG_WARN_OBJC_ROOT_CLASS = YES_ERROR;
				CLANG_WARN_RANGE_LOOP_ANALYSIS = YES;
				CLANG_WARN_STRICT_PROTOTYPES = YES;
				CLANG_WARN_SUSPICIOUS_MOVE = YES;
				CLANG_WARN_UNGUARDED_AVAILABILITY = YES_AGGRESSIVE;
				CLANG_WARN_UNREACHABLE_CODE = YES;
				CLANG_WARN__DUPLICATE_METHOD_MATCH = YES;
				CODE_SIGN_IDENTITY = "iPhone Developer";
				COPY_PHASE_STRIP = NO;
				DEBUG_INFORMATION_FORMAT = dwarf;
				ENABLE_STRICT_OBJC_MSGSEND = YES;
				ENABLE_TESTABILITY = YES;
				GCC_C_LANGUAGE_STANDARD = gnu11;
				GCC_DYNAMIC_NO_PIC = NO;
				GCC_NO_COMMON_BLOCKS = YES;
				GCC_OPTIMIZATION_LEVEL = 0;
				GCC_PREPROCESSOR_DEFINITIONS = (
					"DEBUG=1",
					"$(inherited)",
				);
				GCC_WARN_64_TO_32_BIT_CONVERSION = YES;
				GCC_WARN_ABOUT_RETURN_TYPE = YES_ERROR;
				GCC_WARN_UNDECLARED_SELECTOR = YES;
				GCC_WARN_UNINITIALIZED_AUTOS = YES_AGGRESSIVE;
				GCC_WARN_UNUSED_FUNCTION = YES;
				GCC_WARN_UNUSED_VARIABLE = YES;
				IPHONEOS_DEPLOYMENT_TARGET = 11.4;
				MTL_ENABLE_DEBUG_INFO = YES;
				ONLY_ACTIVE_ARCH = YES;
				SDKROOT = iphoneos;
				SWIFT_ACTIVE_COMPILATION_CONDITIONS = DEBUG;
				SWIFT_OPTIMIZATION_LEVEL = "-Onone";
			};
			name = Debug;
		};
		EAF282752139600F00951C9A /* Release */ = {
			isa = XCBuildConfiguration;
			buildSettings = {
				ALWAYS_SEARCH_USER_PATHS = NO;
				CLANG_ANALYZER_NONNULL = YES;
				CLANG_ANALYZER_NUMBER_OBJECT_CONVERSION = YES_AGGRESSIVE;
				CLANG_CXX_LANGUAGE_STANDARD = "gnu++14";
				CLANG_CXX_LIBRARY = "libc++";
				CLANG_ENABLE_MODULES = YES;
				CLANG_ENABLE_OBJC_ARC = YES;
				CLANG_ENABLE_OBJC_WEAK = YES;
				CLANG_WARN_BLOCK_CAPTURE_AUTORELEASING = YES;
				CLANG_WARN_BOOL_CONVERSION = YES;
				CLANG_WARN_COMMA = YES;
				CLANG_WARN_CONSTANT_CONVERSION = YES;
				CLANG_WARN_DEPRECATED_OBJC_IMPLEMENTATIONS = YES;
				CLANG_WARN_DIRECT_OBJC_ISA_USAGE = YES_ERROR;
				CLANG_WARN_DOCUMENTATION_COMMENTS = YES;
				CLANG_WARN_EMPTY_BODY = YES;
				CLANG_WARN_ENUM_CONVERSION = YES;
				CLANG_WARN_INFINITE_RECURSION = YES;
				CLANG_WARN_INT_CONVERSION = YES;
				CLANG_WARN_NON_LITERAL_NULL_CONVERSION = YES;
				CLANG_WARN_OBJC_IMPLICIT_RETAIN_SELF = YES;
				CLANG_WARN_OBJC_LITERAL_CONVERSION = YES;
				CLANG_WARN_OBJC_ROOT_CLASS = YES_ERROR;
				CLANG_WARN_RANGE_LOOP_ANALYSIS = YES;
				CLANG_WARN_STRICT_PROTOTYPES = YES;
				CLANG_WARN_SUSPICIOUS_MOVE = YES;
				CLANG_WARN_UNGUARDED_AVAILABILITY = YES_AGGRESSIVE;
				CLANG_WARN_UNREACHABLE_CODE = YES;
				CLANG_WARN__DUPLICATE_METHOD_MATCH = YES;
				CODE_SIGN_IDENTITY = "iPhone Developer";
				COPY_PHASE_STRIP = NO;
				DEBUG_INFORMATION_FORMAT = "dwarf-with-dsym";
				ENABLE_NS_ASSERTIONS = NO;
				ENABLE_STRICT_OBJC_MSGSEND = YES;
				GCC_C_LANGUAGE_STANDARD = gnu11;
				GCC_NO_COMMON_BLOCKS = YES;
				GCC_WARN_64_TO_32_BIT_CONVERSION = YES;
				GCC_WARN_ABOUT_RETURN_TYPE = YES_ERROR;
				GCC_WARN_UNDECLARED_SELECTOR = YES;
				GCC_WARN_UNINITIALIZED_AUTOS = YES_AGGRESSIVE;
				GCC_WARN_UNUSED_FUNCTION = YES;
				GCC_WARN_UNUSED_VARIABLE = YES;
				IPHONEOS_DEPLOYMENT_TARGET = 11.4;
				MTL_ENABLE_DEBUG_INFO = NO;
				SDKROOT = iphoneos;
				SWIFT_COMPILATION_MODE = wholemodule;
				SWIFT_OPTIMIZATION_LEVEL = "-O";
				VALIDATE_PRODUCT = YES;
			};
			name = Release;
		};
		EAF282772139600F00951C9A /* Debug */ = {
			isa = XCBuildConfiguration;
			buildSettings = {
				ASSETCATALOG_COMPILER_APPICON_NAME = AppIcon;
				CODE_SIGN_STYLE = Automatic;
				DEVELOPMENT_TEAM = 5XPG2C6E9V;
				INFOPLIST_FILE = TestTinkoff/Info.plist;
				LD_RUNPATH_SEARCH_PATHS = (
					"$(inherited)",
					"@executable_path/Frameworks",
				);
				PRODUCT_BUNDLE_IDENTIFIER = com.zyoma.testtinkoff.TestTinkoff;
				PRODUCT_NAME = "$(TARGET_NAME)";
				SWIFT_VERSION = 4.0;
				TARGETED_DEVICE_FAMILY = "1,2";
			};
			name = Debug;
		};
		EAF282782139600F00951C9A /* Release */ = {
			isa = XCBuildConfiguration;
			buildSettings = {
				ASSETCATALOG_COMPILER_APPICON_NAME = AppIcon;
				CODE_SIGN_STYLE = Automatic;
				DEVELOPMENT_TEAM = 5XPG2C6E9V;
				INFOPLIST_FILE = TestTinkoff/Info.plist;
				LD_RUNPATH_SEARCH_PATHS = (
					"$(inherited)",
					"@executable_path/Frameworks",
				);
				PRODUCT_BUNDLE_IDENTIFIER = com.zyoma.testtinkoff.TestTinkoff;
				PRODUCT_NAME = "$(TARGET_NAME)";
				SWIFT_VERSION = 4.0;
				TARGETED_DEVICE_FAMILY = "1,2";
			};
			name = Release;
		};
/* End XCBuildConfiguration section */

/* Begin XCConfigurationList section */
		EAF2825C2139600C00951C9A /* Build configuration list for PBXProject "TestTinkoff" */ = {
			isa = XCConfigurationList;
			buildConfigurations = (
				EAF282742139600F00951C9A /* Debug */,
				EAF282752139600F00951C9A /* Release */,
			);
			defaultConfigurationIsVisible = 0;
			defaultConfigurationName = Release;
		};
		EAF282762139600F00951C9A /* Build configuration list for PBXNativeTarget "TestTinkoff" */ = {
			isa = XCConfigurationList;
			buildConfigurations = (
				EAF282772139600F00951C9A /* Debug */,
				EAF282782139600F00951C9A /* Release */,
			);
			defaultConfigurationIsVisible = 0;
			defaultConfigurationName = Release;
		};
/* End XCConfigurationList section */

/* Begin XCVersionGroup section */
		EAF2826B2139600D00951C9A /* TestTinkoff.xcdatamodeld */ = {
			isa = XCVersionGroup;
			children = (
				EAF2826C2139600D00951C9A /* TestTinkoff.xcdatamodel */,
			);
			currentVersion = EAF2826C2139600D00951C9A /* TestTinkoff.xcdatamodel */;
			path = TestTinkoff.xcdatamodeld;
			sourceTree = "<group>";
			versionGroupType = wrapper.xcdatamodel;
		};
/* End XCVersionGroup section */
	};
	rootObject = EAF282592139600C00951C9A /* Project object */;
}
